// !$*UTF8*$!
{
	archiveVersion = 1;
	classes = {
	};
	objectVersion = 50;
	objects = {

/* Begin PBXBuildFile section */
		86B82BF6238E4CFF000930A0 /* AppDelegate.swift in Sources */ = {isa = PBXBuildFile; fileRef = 86B82BF5238E4CFF000930A0 /* AppDelegate.swift */; };
		86B82BF8238E4CFF000930A0 /* ViewController.swift in Sources */ = {isa = PBXBuildFile; fileRef = 86B82BF7238E4CFF000930A0 /* ViewController.swift */; };
		86B82BFB238E4CFF000930A0 /* Main.storyboard in Resources */ = {isa = PBXBuildFile; fileRef = 86B82BF9238E4CFF000930A0 /* Main.storyboard */; };
		86B82BFD238E4CFF000930A0 /* Assets.xcassets in Resources */ = {isa = PBXBuildFile; fileRef = 86B82BFC238E4CFF000930A0 /* Assets.xcassets */; };
		86B82C00238E4CFF000930A0 /* LaunchScreen.storyboard in Resources */ = {isa = PBXBuildFile; fileRef = 86B82BFE238E4CFF000930A0 /* LaunchScreen.storyboard */; };
		86B82C0B238E4CFF000930A0 /* TestAssignmentTests.swift in Sources */ = {isa = PBXBuildFile; fileRef = 86B82C0A238E4CFF000930A0 /* TestAssignmentTests.swift */; };
		86B82C16238E4CFF000930A0 /* TestAssignmentUITests.swift in Sources */ = {isa = PBXBuildFile; fileRef = 86B82C15238E4CFF000930A0 /* TestAssignmentUITests.swift */; };
		86B82C25238E5518000930A0 /* CoolImageLibrary.swift in Sources */ = {isa = PBXBuildFile; fileRef = 86B82C24238E5518000930A0 /* CoolImageLibrary.swift */; };
/* End PBXBuildFile section */

/* Begin PBXContainerItemProxy section */
		86B82C07238E4CFF000930A0 /* PBXContainerItemProxy */ = {
			isa = PBXContainerItemProxy;
			containerPortal = 86B82BEA238E4CFF000930A0 /* Project object */;
			proxyType = 1;
			remoteGlobalIDString = 86B82BF1238E4CFF000930A0;
			remoteInfo = TestAssignment;
		};
		86B82C12238E4CFF000930A0 /* PBXContainerItemProxy */ = {
			isa = PBXContainerItemProxy;
			containerPortal = 86B82BEA238E4CFF000930A0 /* Project object */;
			proxyType = 1;
			remoteGlobalIDString = 86B82BF1238E4CFF000930A0;
			remoteInfo = TestAssignment;
		};
/* End PBXContainerItemProxy section */

/* Begin PBXFileReference section */
		86B82BF2238E4CFF000930A0 /* TestAssignment.app */ = {isa = PBXFileReference; explicitFileType = wrapper.application; includeInIndex = 0; path = TestAssignment.app; sourceTree = BUILT_PRODUCTS_DIR; };
		86B82BF5238E4CFF000930A0 /* AppDelegate.swift */ = {isa = PBXFileReference; lastKnownFileType = sourcecode.swift; path = AppDelegate.swift; sourceTree = "<group>"; };
		86B82BF7238E4CFF000930A0 /* ViewController.swift */ = {isa = PBXFileReference; lastKnownFileType = sourcecode.swift; path = ViewController.swift; sourceTree = "<group>"; };
		86B82BFA238E4CFF000930A0 /* Base */ = {isa = PBXFileReference; lastKnownFileType = file.storyboard; name = Base; path = Base.lproj/Main.storyboard; sourceTree = "<group>"; };
		86B82BFC238E4CFF000930A0 /* Assets.xcassets */ = {isa = PBXFileReference; lastKnownFileType = folder.assetcatalog; path = Assets.xcassets; sourceTree = "<group>"; };
		86B82BFF238E4CFF000930A0 /* Base */ = {isa = PBXFileReference; lastKnownFileType = file.storyboard; name = Base; path = Base.lproj/LaunchScreen.storyboard; sourceTree = "<group>"; };
		86B82C01238E4CFF000930A0 /* Info.plist */ = {isa = PBXFileReference; lastKnownFileType = text.plist.xml; path = Info.plist; sourceTree = "<group>"; };
		86B82C06238E4CFF000930A0 /* TestAssignmentTests.xctest */ = {isa = PBXFileReference; explicitFileType = wrapper.cfbundle; includeInIndex = 0; path = TestAssignmentTests.xctest; sourceTree = BUILT_PRODUCTS_DIR; };
		86B82C0A238E4CFF000930A0 /* TestAssignmentTests.swift */ = {isa = PBXFileReference; lastKnownFileType = sourcecode.swift; path = TestAssignmentTests.swift; sourceTree = "<group>"; };
		86B82C0C238E4CFF000930A0 /* Info.plist */ = {isa = PBXFileReference; lastKnownFileType = text.plist.xml; path = Info.plist; sourceTree = "<group>"; };
		86B82C11238E4CFF000930A0 /* TestAssignmentUITests.xctest */ = {isa = PBXFileReference; explicitFileType = wrapper.cfbundle; includeInIndex = 0; path = TestAssignmentUITests.xctest; sourceTree = BUILT_PRODUCTS_DIR; };
		86B82C15238E4CFF000930A0 /* TestAssignmentUITests.swift */ = {isa = PBXFileReference; lastKnownFileType = sourcecode.swift; path = TestAssignmentUITests.swift; sourceTree = "<group>"; };
		86B82C17238E4CFF000930A0 /* Info.plist */ = {isa = PBXFileReference; lastKnownFileType = text.plist.xml; path = Info.plist; sourceTree = "<group>"; };
		86B82C24238E5518000930A0 /* CoolImageLibrary.swift */ = {isa = PBXFileReference; lastKnownFileType = sourcecode.swift; path = CoolImageLibrary.swift; sourceTree = "<group>"; };
/* End PBXFileReference section */

/* Begin PBXFrameworksBuildPhase section */
		86B82BEF238E4CFF000930A0 /* Frameworks */ = {
			isa = PBXFrameworksBuildPhase;
			buildActionMask = 2147483647;
			files = (
			);
			runOnlyForDeploymentPostprocessing = 0;
		};
		86B82C03238E4CFF000930A0 /* Frameworks */ = {
			isa = PBXFrameworksBuildPhase;
			buildActionMask = 2147483647;
			files = (
			);
			runOnlyForDeploymentPostprocessing = 0;
		};
		86B82C0E238E4CFF000930A0 /* Frameworks */ = {
			isa = PBXFrameworksBuildPhase;
			buildActionMask = 2147483647;
			files = (
			);
			runOnlyForDeploymentPostprocessing = 0;
		};
/* End PBXFrameworksBuildPhase section */

/* Begin PBXGroup section */
		86B82BE9238E4CFF000930A0 = {
			isa = PBXGroup;
			children = (
				86B82BF4238E4CFF000930A0 /* TestAssignment */,
				86B82C09238E4CFF000930A0 /* TestAssignmentTests */,
				86B82C14238E4CFF000930A0 /* TestAssignmentUITests */,
				86B82BF3238E4CFF000930A0 /* Products */,
			);
			sourceTree = "<group>";
		};
		86B82BF3238E4CFF000930A0 /* Products */ = {
			isa = PBXGroup;
			children = (
				86B82BF2238E4CFF000930A0 /* TestAssignment.app */,
				86B82C06238E4CFF000930A0 /* TestAssignmentTests.xctest */,
				86B82C11238E4CFF000930A0 /* TestAssignmentUITests.xctest */,
			);
			name = Products;
			sourceTree = "<group>";
		};
		86B82BF4238E4CFF000930A0 /* TestAssignment */ = {
			isa = PBXGroup;
			children = (
				86B82C23238E52C9000930A0 /* Image Library */,
				86B82BF5238E4CFF000930A0 /* AppDelegate.swift */,
				86B82BF7238E4CFF000930A0 /* ViewController.swift */,
				86B82BF9238E4CFF000930A0 /* Main.storyboard */,
				86B82BFC238E4CFF000930A0 /* Assets.xcassets */,
				86B82BFE238E4CFF000930A0 /* LaunchScreen.storyboard */,
				86B82C01238E4CFF000930A0 /* Info.plist */,
			);
			path = TestAssignment;
			sourceTree = "<group>";
		};
		86B82C09238E4CFF000930A0 /* TestAssignmentTests */ = {
			isa = PBXGroup;
			children = (
				86B82C0A238E4CFF000930A0 /* TestAssignmentTests.swift */,
				86B82C0C238E4CFF000930A0 /* Info.plist */,
			);
			path = TestAssignmentTests;
			sourceTree = "<group>";
		};
		86B82C14238E4CFF000930A0 /* TestAssignmentUITests */ = {
			isa = PBXGroup;
			children = (
				86B82C15238E4CFF000930A0 /* TestAssignmentUITests.swift */,
				86B82C17238E4CFF000930A0 /* Info.plist */,
			);
			path = TestAssignmentUITests;
			sourceTree = "<group>";
		};
		86B82C23238E52C9000930A0 /* Image Library */ = {
			isa = PBXGroup;
			children = (
				86B82C24238E5518000930A0 /* CoolImageLibrary.swift */,
			);
			path = "Image Library";
			sourceTree = "<group>";
		};
/* End PBXGroup section */

/* Begin PBXNativeTarget section */
		86B82BF1238E4CFF000930A0 /* TestAssignment */ = {
			isa = PBXNativeTarget;
			buildConfigurationList = 86B82C1A238E4CFF000930A0 /* Build configuration list for PBXNativeTarget "TestAssignment" */;
			buildPhases = (
				86B82BEE238E4CFF000930A0 /* Sources */,
				86B82BEF238E4CFF000930A0 /* Frameworks */,
				86B82BF0238E4CFF000930A0 /* Resources */,
			);
			buildRules = (
			);
			dependencies = (
			);
			name = TestAssignment;
			productName = TestAssignment;
			productReference = 86B82BF2238E4CFF000930A0 /* TestAssignment.app */;
			productType = "com.apple.product-type.application";
		};
		86B82C05238E4CFF000930A0 /* TestAssignmentTests */ = {
			isa = PBXNativeTarget;
			buildConfigurationList = 86B82C1D238E4CFF000930A0 /* Build configuration list for PBXNativeTarget "TestAssignmentTests" */;
			buildPhases = (
				86B82C02238E4CFF000930A0 /* Sources */,
				86B82C03238E4CFF000930A0 /* Frameworks */,
				86B82C04238E4CFF000930A0 /* Resources */,
			);
			buildRules = (
			);
			dependencies = (
				86B82C08238E4CFF000930A0 /* PBXTargetDependency */,
			);
			name = TestAssignmentTests;
			productName = TestAssignmentTests;
			productReference = 86B82C06238E4CFF000930A0 /* TestAssignmentTests.xctest */;
			productType = "com.apple.product-type.bundle.unit-test";
		};
		86B82C10238E4CFF000930A0 /* TestAssignmentUITests */ = {
			isa = PBXNativeTarget;
			buildConfigurationList = 86B82C20238E4CFF000930A0 /* Build configuration list for PBXNativeTarget "TestAssignmentUITests" */;
			buildPhases = (
				86B82C0D238E4CFF000930A0 /* Sources */,
				86B82C0E238E4CFF000930A0 /* Frameworks */,
				86B82C0F238E4CFF000930A0 /* Resources */,
			);
			buildRules = (
			);
			dependencies = (
				86B82C13238E4CFF000930A0 /* PBXTargetDependency */,
			);
			name = TestAssignmentUITests;
			productName = TestAssignmentUITests;
			productReference = 86B82C11238E4CFF000930A0 /* TestAssignmentUITests.xctest */;
			productType = "com.apple.product-type.bundle.ui-testing";
		};
/* End PBXNativeTarget section */

/* Begin PBXProject section */
		86B82BEA238E4CFF000930A0 /* Project object */ = {
			isa = PBXProject;
			attributes = {
				LastSwiftUpdateCheck = 1030;
				LastUpgradeCheck = 1030;
				ORGANIZATIONNAME = "Ihor Vlasyuk";
				TargetAttributes = {
					86B82BF1238E4CFF000930A0 = {
						CreatedOnToolsVersion = 10.3;
					};
					86B82C05238E4CFF000930A0 = {
						CreatedOnToolsVersion = 10.3;
						TestTargetID = 86B82BF1238E4CFF000930A0;
					};
					86B82C10238E4CFF000930A0 = {
						CreatedOnToolsVersion = 10.3;
						TestTargetID = 86B82BF1238E4CFF000930A0;
					};
				};
			};
			buildConfigurationList = 86B82BED238E4CFF000930A0 /* Build configuration list for PBXProject "TestAssignment" */;
			compatibilityVersion = "Xcode 9.3";
			developmentRegion = en;
			hasScannedForEncodings = 0;
			knownRegions = (
				en,
				Base,
			);
			mainGroup = 86B82BE9238E4CFF000930A0;
			productRefGroup = 86B82BF3238E4CFF000930A0 /* Products */;
			projectDirPath = "";
			projectRoot = "";
			targets = (
				86B82BF1238E4CFF000930A0 /* TestAssignment */,
				86B82C05238E4CFF000930A0 /* TestAssignmentTests */,
				86B82C10238E4CFF000930A0 /* TestAssignmentUITests */,
			);
		};
/* End PBXProject section */

/* Begin PBXResourcesBuildPhase section */
		86B82BF0238E4CFF000930A0 /* Resources */ = {
			isa = PBXResourcesBuildPhase;
			buildActionMask = 2147483647;
			files = (
				86B82C00238E4CFF000930A0 /* LaunchScreen.storyboard in Resources */,
				86B82BFD238E4CFF000930A0 /* Assets.xcassets in Resources */,
				86B82BFB238E4CFF000930A0 /* Main.storyboard in Resources */,
			);
			runOnlyForDeploymentPostprocessing = 0;
		};
		86B82C04238E4CFF000930A0 /* Resources */ = {
			isa = PBXResourcesBuildPhase;
			buildActionMask = 2147483647;
			files = (
			);
			runOnlyForDeploymentPostprocessing = 0;
		};
		86B82C0F238E4CFF000930A0 /* Resources */ = {
			isa = PBXResourcesBuildPhase;
			buildActionMask = 2147483647;
			files = (
			);
			runOnlyForDeploymentPostprocessing = 0;
		};
/* End PBXResourcesBuildPhase section */

/* Begin PBXSourcesBuildPhase section */
		86B82BEE238E4CFF000930A0 /* Sources */ = {
			isa = PBXSourcesBuildPhase;
			buildActionMask = 2147483647;
			files = (
				86B82BF8238E4CFF000930A0 /* ViewController.swift in Sources */,
				86B82C25238E5518000930A0 /* CoolImageLibrary.swift in Sources */,
				86B82BF6238E4CFF000930A0 /* AppDelegate.swift in Sources */,
			);
			runOnlyForDeploymentPostprocessing = 0;
		};
		86B82C02238E4CFF000930A0 /* Sources */ = {
			isa = PBXSourcesBuildPhase;
			buildActionMask = 2147483647;
			files = (
				86B82C0B238E4CFF000930A0 /* TestAssignmentTests.swift in Sources */,
			);
			runOnlyForDeploymentPostprocessing = 0;
		};
		86B82C0D238E4CFF000930A0 /* Sources */ = {
			isa = PBXSourcesBuildPhase;
			buildActionMask = 2147483647;
			files = (
				86B82C16238E4CFF000930A0 /* TestAssignmentUITests.swift in Sources */,
			);
			runOnlyForDeploymentPostprocessing = 0;
		};
/* End PBXSourcesBuildPhase section */

/* Begin PBXTargetDependency section */
		86B82C08238E4CFF000930A0 /* PBXTargetDependency */ = {
			isa = PBXTargetDependency;
			target = 86B82BF1238E4CFF000930A0 /* TestAssignment */;
			targetProxy = 86B82C07238E4CFF000930A0 /* PBXContainerItemProxy */;
		};
		86B82C13238E4CFF000930A0 /* PBXTargetDependency */ = {
			isa = PBXTargetDependency;
			target = 86B82BF1238E4CFF000930A0 /* TestAssignment */;
			targetProxy = 86B82C12238E4CFF000930A0 /* PBXContainerItemProxy */;
		};
/* End PBXTargetDependency section */

/* Begin PBXVariantGroup section */
		86B82BF9238E4CFF000930A0 /* Main.storyboard */ = {
			isa = PBXVariantGroup;
			children = (
				86B82BFA238E4CFF000930A0 /* Base */,
			);
			name = Main.storyboard;
			sourceTree = "<group>";
		};
		86B82BFE238E4CFF000930A0 /* LaunchScreen.storyboard */ = {
			isa = PBXVariantGroup;
			children = (
				86B82BFF238E4CFF000930A0 /* Base */,
			);
			name = LaunchScreen.storyboard;
			sourceTree = "<group>";
		};
/* End PBXVariantGroup section */

/* Begin XCBuildConfiguration section */
		86B82C18238E4CFF000930A0 /* Debug */ = {
			isa = XCBuildConfiguration;
			buildSettings = {
				ALWAYS_SEARCH_USER_PATHS = NO;
				CLANG_ANALYZER_NONNULL = YES;
				CLANG_ANALYZER_NUMBER_OBJECT_CONVERSION = YES_AGGRESSIVE;
				CLANG_CXX_LANGUAGE_STANDARD = "gnu++14";
				CLANG_CXX_LIBRARY = "libc++";
				CLANG_ENABLE_MODULES = YES;
				CLANG_ENABLE_OBJC_ARC = YES;
				CLANG_ENABLE_OBJC_WEAK = YES;
				CLANG_WARN_BLOCK_CAPTURE_AUTORELEASING = YES;
				CLANG_WARN_BOOL_CONVERSION = YES;
				CLANG_WARN_COMMA = YES;
				CLANG_WARN_CONSTANT_CONVERSION = YES;
				CLANG_WARN_DEPRECATED_OBJC_IMPLEMENTATIONS = YES;
				CLANG_WARN_DIRECT_OBJC_ISA_USAGE = YES_ERROR;
				CLANG_WARN_DOCUMENTATION_COMMENTS = YES;
				CLANG_WARN_EMPTY_BODY = YES;
				CLANG_WARN_ENUM_CONVERSION = YES;
				CLANG_WARN_INFINITE_RECURSION = YES;
				CLANG_WARN_INT_CONVERSION = YES;
				CLANG_WARN_NON_LITERAL_NULL_CONVERSION = YES;
				CLANG_WARN_OBJC_IMPLICIT_RETAIN_SELF = YES;
				CLANG_WARN_OBJC_LITERAL_CONVERSION = YES;
				CLANG_WARN_OBJC_ROOT_CLASS = YES_ERROR;
				CLANG_WARN_RANGE_LOOP_ANALYSIS = YES;
				CLANG_WARN_STRICT_PROTOTYPES = YES;
				CLANG_WARN_SUSPICIOUS_MOVE = YES;
				CLANG_WARN_UNGUARDED_AVAILABILITY = YES_AGGRESSIVE;
				CLANG_WARN_UNREACHABLE_CODE = YES;
				CLANG_WARN__DUPLICATE_METHOD_MATCH = YES;
				CODE_SIGN_IDENTITY = "iPhone Developer";
				COPY_PHASE_STRIP = NO;
				DEBUG_INFORMATION_FORMAT = dwarf;
				ENABLE_STRICT_OBJC_MSGSEND = YES;
				ENABLE_TESTABILITY = YES;
				GCC_C_LANGUAGE_STANDARD = gnu11;
				GCC_DYNAMIC_NO_PIC = NO;
				GCC_NO_COMMON_BLOCKS = YES;
				GCC_OPTIMIZATION_LEVEL = 0;
				GCC_PREPROCESSOR_DEFINITIONS = (
					"DEBUG=1",
					"$(inherited)",
				);
				GCC_WARN_64_TO_32_BIT_CONVERSION = YES;
				GCC_WARN_ABOUT_RETURN_TYPE = YES_ERROR;
				GCC_WARN_UNDECLARED_SELECTOR = YES;
				GCC_WARN_UNINITIALIZED_AUTOS = YES_AGGRESSIVE;
				GCC_WARN_UNUSED_FUNCTION = YES;
				GCC_WARN_UNUSED_VARIABLE = YES;
				IPHONEOS_DEPLOYMENT_TARGET = 12.4;
				MTL_ENABLE_DEBUG_INFO = INCLUDE_SOURCE;
				MTL_FAST_MATH = YES;
				ONLY_ACTIVE_ARCH = YES;
				SDKROOT = iphoneos;
				SWIFT_ACTIVE_COMPILATION_CONDITIONS = DEBUG;
				SWIFT_OPTIMIZATION_LEVEL = "-Onone";
			};
			name = Debug;
		};
		86B82C19238E4CFF000930A0 /* Release */ = {
			isa = XCBuildConfiguration;
			buildSettings = {
				ALWAYS_SEARCH_USER_PATHS = NO;
				CLANG_ANALYZER_NONNULL = YES;
				CLANG_ANALYZER_NUMBER_OBJECT_CONVERSION = YES_AGGRESSIVE;
				CLANG_CXX_LANGUAGE_STANDARD = "gnu++14";
				CLANG_CXX_LIBRARY = "libc++";
				CLANG_ENABLE_MODULES = YES;
				CLANG_ENABLE_OBJC_ARC = YES;
				CLANG_ENABLE_OBJC_WEAK = YES;
				CLANG_WARN_BLOCK_CAPTURE_AUTORELEASING = YES;
				CLANG_WARN_BOOL_CONVERSION = YES;
				CLANG_WARN_COMMA = YES;
				CLANG_WARN_CONSTANT_CONVERSION = YES;
				CLANG_WARN_DEPRECATED_OBJC_IMPLEMENTATIONS = YES;
				CLANG_WARN_DIRECT_OBJC_ISA_USAGE = YES_ERROR;
				CLANG_WARN_DOCUMENTATION_COMMENTS = YES;
				CLANG_WARN_EMPTY_BODY = YES;
				CLANG_WARN_ENUM_CONVERSION = YES;
				CLANG_WARN_INFINITE_RECURSION = YES;
				CLANG_WARN_INT_CONVERSION = YES;
				CLANG_WARN_NON_LITERAL_NULL_CONVERSION = YES;
				CLANG_WARN_OBJC_IMPLICIT_RETAIN_SELF = YES;
				CLANG_WARN_OBJC_LITERAL_CONVERSION = YES;
				CLANG_WARN_OBJC_ROOT_CLASS = YES_ERROR;
				CLANG_WARN_RANGE_LOOP_ANALYSIS = YES;
				CLANG_WARN_STRICT_PROTOTYPES = YES;
				CLANG_WARN_SUSPICIOUS_MOVE = YES;
				CLANG_WARN_UNGUARDED_AVAILABILITY = YES_AGGRESSIVE;
				CLANG_WARN_UNREACHABLE_CODE = YES;
				CLANG_WARN__DUPLICATE_METHOD_MATCH = YES;
				CODE_SIGN_IDENTITY = "iPhone Developer";
				COPY_PHASE_STRIP = NO;
				DEBUG_INFORMATION_FORMAT = "dwarf-with-dsym";
				ENABLE_NS_ASSERTIONS = NO;
				ENABLE_STRICT_OBJC_MSGSEND = YES;
				GCC_C_LANGUAGE_STANDARD = gnu11;
				GCC_NO_COMMON_BLOCKS = YES;
				GCC_WARN_64_TO_32_BIT_CONVERSION = YES;
				GCC_WARN_ABOUT_RETURN_TYPE = YES_ERROR;
				GCC_WARN_UNDECLARED_SELECTOR = YES;
				GCC_WARN_UNINITIALIZED_AUTOS = YES_AGGRESSIVE;
				GCC_WARN_UNUSED_FUNCTION = YES;
				GCC_WARN_UNUSED_VARIABLE = YES;
				IPHONEOS_DEPLOYMENT_TARGET = 12.4;
				MTL_ENABLE_DEBUG_INFO = NO;
				MTL_FAST_MATH = YES;
				SDKROOT = iphoneos;
				SWIFT_COMPILATION_MODE = wholemodule;
				SWIFT_OPTIMIZATION_LEVEL = "-O";
				VALIDATE_PRODUCT = YES;
			};
			name = Release;
		};
		86B82C1B238E4CFF000930A0 /* Debug */ = {
			isa = XCBuildConfiguration;
			buildSettings = {
				ASSETCATALOG_COMPILER_APPICON_NAME = AppIcon;
				CODE_SIGN_STYLE = Automatic;
				INFOPLIST_FILE = TestAssignment/Info.plist;
				LD_RUNPATH_SEARCH_PATHS = (
					"$(inherited)",
					"@executable_path/Frameworks",
				);
				PRODUCT_BUNDLE_IDENTIFIER = ivl.TestAssignment;
				PRODUCT_NAME = "$(TARGET_NAME)";
				SWIFT_VERSION = 5.0;
				TARGETED_DEVICE_FAMILY = "1,2";
			};
			name = Debug;
		};
		86B82C1C238E4CFF000930A0 /* Release */ = {
			isa = XCBuildConfiguration;
			buildSettings = {
				ASSETCATALOG_COMPILER_APPICON_NAME = AppIcon;
				CODE_SIGN_STYLE = Automatic;
				INFOPLIST_FILE = TestAssignment/Info.plist;
				LD_RUNPATH_SEARCH_PATHS = (
					"$(inherited)",
					"@executable_path/Frameworks",
				);
				PRODUCT_BUNDLE_IDENTIFIER = ivl.TestAssignment;
				PRODUCT_NAME = "$(TARGET_NAME)";
				SWIFT_VERSION = 5.0;
				TARGETED_DEVICE_FAMILY = "1,2";
			};
			name = Release;
		};
		86B82C1E238E4CFF000930A0 /* Debug */ = {
			isa = XCBuildConfiguration;
			buildSettings = {
				ALWAYS_EMBED_SWIFT_STANDARD_LIBRARIES = YES;
				BUNDLE_LOADER = "$(TEST_HOST)";
				CODE_SIGN_STYLE = Automatic;
				INFOPLIST_FILE = TestAssignmentTests/Info.plist;
				LD_RUNPATH_SEARCH_PATHS = (
					"$(inherited)",
					"@executable_path/Frameworks",
					"@loader_path/Frameworks",
				);
				PRODUCT_BUNDLE_IDENTIFIER = ivl.TestAssignmentTests;
				PRODUCT_NAME = "$(TARGET_NAME)";
				SWIFT_VERSION = 5.0;
				TARGETED_DEVICE_FAMILY = "1,2";
				TEST_HOST = "$(BUILT_PRODUCTS_DIR)/TestAssignment.app/TestAssignment";
			};
			name = Debug;
		};
		86B82C1F238E4CFF000930A0 /* Release */ = {
			isa = XCBuildConfiguration;
			buildSettings = {
				ALWAYS_EMBED_SWIFT_STANDARD_LIBRARIES = YES;
				BUNDLE_LOADER = "$(TEST_HOST)";
				CODE_SIGN_STYLE = Automatic;
				INFOPLIST_FILE = TestAssignmentTests/Info.plist;
				LD_RUNPATH_SEARCH_PATHS = (
					"$(inherited)",
					"@executable_path/Frameworks",
					"@loader_path/Frameworks",
				);
				PRODUCT_BUNDLE_IDENTIFIER = ivl.TestAssignmentTests;
				PRODUCT_NAME = "$(TARGET_NAME)";
				SWIFT_VERSION = 5.0;
				TARGETED_DEVICE_FAMILY = "1,2";
				TEST_HOST = "$(BUILT_PRODUCTS_DIR)/TestAssignment.app/TestAssignment";
			};
			name = Release;
		};
		86B82C21238E4CFF000930A0 /* Debug */ = {
			isa = XCBuildConfiguration;
			buildSettings = {
				ALWAYS_EMBED_SWIFT_STANDARD_LIBRARIES = YES;
				CODE_SIGN_STYLE = Automatic;
				INFOPLIST_FILE = TestAssignmentUITests/Info.plist;
				LD_RUNPATH_SEARCH_PATHS = (
					"$(inherited)",
					"@executable_path/Frameworks",
					"@loader_path/Frameworks",
				);
				PRODUCT_BUNDLE_IDENTIFIER = ivl.TestAssignmentUITests;
				PRODUCT_NAME = "$(TARGET_NAME)";
				SWIFT_VERSION = 5.0;
				TARGETED_DEVICE_FAMILY = "1,2";
				TEST_TARGET_NAME = TestAssignment;
			};
			name = Debug;
		};
		86B82C22238E4CFF000930A0 /* Release */ = {
			isa = XCBuildConfiguration;
			buildSettings = {
				ALWAYS_EMBED_SWIFT_STANDARD_LIBRARIES = YES;
				CODE_SIGN_STYLE = Automatic;
				INFOPLIST_FILE = TestAssignmentUITests/Info.plist;
				LD_RUNPATH_SEARCH_PATHS = (
					"$(inherited)",
					"@executable_path/Frameworks",
					"@loader_path/Frameworks",
				);
				PRODUCT_BUNDLE_IDENTIFIER = ivl.TestAssignmentUITests;
				PRODUCT_NAME = "$(TARGET_NAME)";
				SWIFT_VERSION = 5.0;
				TARGETED_DEVICE_FAMILY = "1,2";
				TEST_TARGET_NAME = TestAssignment;
			};
			name = Release;
		};
/* End XCBuildConfiguration section */

/* Begin XCConfigurationList section */
		86B82BED238E4CFF000930A0 /* Build configuration list for PBXProject "TestAssignment" */ = {
			isa = XCConfigurationList;
			buildConfigurations = (
				86B82C18238E4CFF000930A0 /* Debug */,
				86B82C19238E4CFF000930A0 /* Release */,
			);
			defaultConfigurationIsVisible = 0;
			defaultConfigurationName = Release;
		};
		86B82C1A238E4CFF000930A0 /* Build configuration list for PBXNativeTarget "TestAssignment" */ = {
			isa = XCConfigurationList;
			buildConfigurations = (
				86B82C1B238E4CFF000930A0 /* Debug */,
				86B82C1C238E4CFF000930A0 /* Release */,
			);
			defaultConfigurationIsVisible = 0;
			defaultConfigurationName = Release;
		};
		86B82C1D238E4CFF000930A0 /* Build configuration list for PBXNativeTarget "TestAssignmentTests" */ = {
			isa = XCConfigurationList;
			buildConfigurations = (
				86B82C1E238E4CFF000930A0 /* Debug */,
				86B82C1F238E4CFF000930A0 /* Release */,
			);
			defaultConfigurationIsVisible = 0;
			defaultConfigurationName = Release;
		};
		86B82C20238E4CFF000930A0 /* Build configuration list for PBXNativeTarget "TestAssignmentUITests" */ = {
			isa = XCConfigurationList;
			buildConfigurations = (
				86B82C21238E4CFF000930A0 /* Debug */,
				86B82C22238E4CFF000930A0 /* Release */,
			);
			defaultConfigurationIsVisible = 0;
			defaultConfigurationName = Release;
		};
/* End XCConfigurationList section */
	};
	rootObject = 86B82BEA238E4CFF000930A0 /* Project object */;
}
